{
  "version": 4,
  "terraform_version": "1.9.7",
  "serial": 13,
  "lineage": "a4e7ef84-bf45-146c-afa4-d518e0d6c46e",
  "outputs": {
    "public_ip": {
      "value": "20.219.123.172",
      "type": "string"
    }
  },
  "resources": [
    {
      "mode": "data",
      "type": "azurerm_resource_group",
      "name": "existing",
      "provider": "provider[\"registry.terraform.io/hashicorp/azurerm\"]",
      "instances": [
        {
          "schema_version": 0,
          "attributes": {
            "id": "/subscriptions/cd459aae-8e9d-4069-8ab8-fd60d11b3e04/resourceGroups/jan-end-to-end-project_group",
            "location": "southindia",
            "managed_by": "",
            "name": "jan-end-to-end-project_group",
            "tags": {},
            "timeouts": null
          },
          "sensitive_attributes": []
        }
      ]
    },
    {
      "mode": "data",
      "type": "azurerm_virtual_network",
      "name": "main",
      "provider": "provider[\"registry.terraform.io/hashicorp/azurerm\"]",
      "instances": [
        {
          "schema_version": 0,
          "attributes": {
            "address_space": [
              "10.0.0.0/16"
            ],
            "dns_servers": null,
            "guid": "16ddbfe3-981a-42f3-b050-837a50923452",
            "id": "/subscriptions/cd459aae-8e9d-4069-8ab8-fd60d11b3e04/resourceGroups/jan-end-to-end-project_group/providers/Microsoft.Network/virtualNetworks/jan-end-to-end-project-vnet",
            "location": "southindia",
            "name": "jan-end-to-end-project-vnet",
            "resource_group_name": "jan-end-to-end-project_group",
            "subnets": [
              "default",
              "internal"
            ],
            "tags": {
              "nam": "jan-end-end-project-vm"
            },
            "timeouts": null,
            "vnet_peerings": {},
            "vnet_peerings_addresses": []
          },
          "sensitive_attributes": []
        }
      ]
    },
    {
      "mode": "managed",
      "type": "azurerm_linux_virtual_machine",
      "name": "main",
      "provider": "provider[\"registry.terraform.io/hashicorp/azurerm\"]",
      "instances": [
        {
          "schema_version": 0,
          "attributes": {
            "additional_capabilities": [],
            "admin_password": "Password1234!",
            "admin_ssh_key": [],
            "admin_username": "testadmin",
            "allow_extension_operations": true,
            "availability_set_id": "",
            "boot_diagnostics": [],
            "bypass_platform_safety_checks_on_user_schedule_enabled": false,
            "capacity_reservation_group_id": "",
            "computer_name": "ubuntu-vm",
            "custom_data": null,
            "dedicated_host_group_id": "",
            "dedicated_host_id": "",
            "disable_password_authentication": false,
            "disk_controller_type": "SCSI",
            "edge_zone": "",
            "encryption_at_host_enabled": false,
            "eviction_policy": "",
            "extensions_time_budget": "PT1H30M",
            "gallery_application": [],
            "id": "/subscriptions/cd459aae-8e9d-4069-8ab8-fd60d11b3e04/resourceGroups/jan-end-to-end-project_group/providers/Microsoft.Compute/virtualMachines/prod-eks-cluster-vm",
            "identity": [],
            "license_type": "",
            "location": "southindia",
            "max_bid_price": -1,
            "name": "prod-eks-cluster-vm",
            "network_interface_ids": [
              "/subscriptions/cd459aae-8e9d-4069-8ab8-fd60d11b3e04/resourceGroups/jan-end-to-end-project_group/providers/Microsoft.Network/networkInterfaces/prod-eks-cluster-nic"
            ],
            "os_disk": [
              {
                "caching": "ReadWrite",
                "diff_disk_settings": [],
                "disk_encryption_set_id": "",
                "disk_size_gb": 30,
                "id": "/subscriptions/cd459aae-8e9d-4069-8ab8-fd60d11b3e04/resourceGroups/jan-end-to-end-project_group/providers/Microsoft.Compute/disks/prod-eks-cluster-vm_disk1_16fc022663d34274a23a562f23e63d9d",
                "name": "prod-eks-cluster-vm_disk1_16fc022663d34274a23a562f23e63d9d",
                "secure_vm_disk_encryption_set_id": "",
                "security_encryption_type": "",
                "storage_account_type": "Standard_LRS",
                "write_accelerator_enabled": false
              }
            ],
            "os_image_notification": [],
            "os_managed_disk_id": "/subscriptions/cd459aae-8e9d-4069-8ab8-fd60d11b3e04/resourceGroups/jan-end-to-end-project_group/providers/Microsoft.Compute/disks/prod-eks-cluster-vm_disk1_16fc022663d34274a23a562f23e63d9d",
            "patch_assessment_mode": "ImageDefault",
            "patch_mode": "ImageDefault",
            "plan": [],
            "platform_fault_domain": -1,
            "priority": "Regular",
            "private_ip_address": "10.0.1.4",
            "private_ip_addresses": [
              "10.0.1.4"
            ],
            "provision_vm_agent": true,
            "proximity_placement_group_id": "",
            "public_ip_address": "20.219.123.172",
            "public_ip_addresses": [
              "20.219.123.172"
            ],
            "reboot_setting": "",
            "resource_group_name": "jan-end-to-end-project_group",
            "secret": [],
            "secure_boot_enabled": false,
            "size": "Standard_B2s",
            "source_image_id": "",
            "source_image_reference": [
              {
                "offer": "ubuntu-24_04-lts",
                "publisher": "Canonical",
                "sku": "server",
                "version": "latest"
              }
            ],
            "tags": {
              "Environment": "Dev",
              "Owner": "Terraform"
            },
            "termination_notification": [],
            "timeouts": null,
            "user_data": "",
            "virtual_machine_id": "4de5427d-edb9-4c7f-b3d1-a8f0dc929671",
            "virtual_machine_scale_set_id": "",
            "vm_agent_platform_updates_enabled": false,
            "vtpm_enabled": false,
            "zone": ""
          },
          "sensitive_attributes": [
            [
              {
                "type": "get_attr",
                "value": "admin_password"
              }
            ],
            [
              {
                "type": "get_attr",
                "value": "custom_data"
              }
            ]
          ],
          "private": "eyJlMmJmYjczMC1lY2FhLTExZTYtOGY4OC0zNDM2M2JjN2M0YzAiOnsiY3JlYXRlIjoyNzAwMDAwMDAwMDAwLCJkZWxldGUiOjI3MDAwMDAwMDAwMDAsInJlYWQiOjMwMDAwMDAwMDAwMCwidXBkYXRlIjoyNzAwMDAwMDAwMDAwfX0=",
          "dependencies": [
            "azurerm_network_interface.main",
            "azurerm_public_ip.main",
            "azurerm_subnet.internal",
            "data.azurerm_resource_group.existing",
            "data.azurerm_virtual_network.main"
          ]
        }
      ]
    },
    {
      "mode": "managed",
      "type": "azurerm_network_interface",
      "name": "main",
      "provider": "provider[\"registry.terraform.io/hashicorp/azurerm\"]",
      "instances": [
        {
          "schema_version": 0,
          "attributes": {
            "accelerated_networking_enabled": false,
            "applied_dns_servers": [],
            "auxiliary_mode": "",
            "auxiliary_sku": "",
            "dns_servers": [],
            "edge_zone": "",
            "id": "/subscriptions/cd459aae-8e9d-4069-8ab8-fd60d11b3e04/resourceGroups/jan-end-to-end-project_group/providers/Microsoft.Network/networkInterfaces/prod-eks-cluster-nic",
            "internal_dns_name_label": "",
            "internal_domain_name_suffix": "2o530fq0tdzufmcqqn3fberukc.tx.internal.cloudapp.net",
            "ip_configuration": [
              {
                "gateway_load_balancer_frontend_ip_configuration_id": "",
                "name": "internal",
                "primary": true,
                "private_ip_address": "10.0.1.4",
                "private_ip_address_allocation": "Dynamic",
                "private_ip_address_version": "IPv4",
                "public_ip_address_id": "/subscriptions/cd459aae-8e9d-4069-8ab8-fd60d11b3e04/resourceGroups/jan-end-to-end-project_group/providers/Microsoft.Network/publicIPAddresses/prod-eks-cluster-pip",
                "subnet_id": "/subscriptions/cd459aae-8e9d-4069-8ab8-fd60d11b3e04/resourceGroups/jan-end-to-end-project_group/providers/Microsoft.Network/virtualNetworks/jan-end-to-end-project-vnet/subnets/internal"
              }
            ],
            "ip_forwarding_enabled": false,
            "location": "southindia",
            "mac_address": "7C-ED-8D-AE-D7-FF",
            "name": "prod-eks-cluster-nic",
            "private_ip_address": "10.0.1.4",
            "private_ip_addresses": [
              "10.0.1.4"
            ],
            "resource_group_name": "jan-end-to-end-project_group",
            "tags": {},
            "timeouts": null,
            "virtual_machine_id": "/subscriptions/cd459aae-8e9d-4069-8ab8-fd60d11b3e04/resourceGroups/jan-end-to-end-project_group/providers/Microsoft.Compute/virtualMachines/prod-eks-cluster-vm"
          },
          "sensitive_attributes": [],
          "private": "eyJlMmJmYjczMC1lY2FhLTExZTYtOGY4OC0zNDM2M2JjN2M0YzAiOnsiY3JlYXRlIjoxODAwMDAwMDAwMDAwLCJkZWxldGUiOjE4MDAwMDAwMDAwMDAsInJlYWQiOjMwMDAwMDAwMDAwMCwidXBkYXRlIjoxODAwMDAwMDAwMDAwfX0=",
          "dependencies": [
            "azurerm_public_ip.main",
            "azurerm_subnet.internal",
            "data.azurerm_resource_group.existing",
            "data.azurerm_virtual_network.main"
          ]
        }
      ]
    },
    {
      "mode": "managed",
      "type": "azurerm_network_interface_security_group_association",
      "name": "main",
      "provider": "provider[\"registry.terraform.io/hashicorp/azurerm\"]",
      "instances": [
        {
          "schema_version": 0,
          "attributes": {
            "id": "/subscriptions/cd459aae-8e9d-4069-8ab8-fd60d11b3e04/resourceGroups/jan-end-to-end-project_group/providers/Microsoft.Network/networkInterfaces/prod-eks-cluster-nic|/subscriptions/cd459aae-8e9d-4069-8ab8-fd60d11b3e04/resourceGroups/jan-end-to-end-project_group/providers/Microsoft.Network/networkSecurityGroups/prod-eks-cluster-nsg",
            "network_interface_id": "/subscriptions/cd459aae-8e9d-4069-8ab8-fd60d11b3e04/resourceGroups/jan-end-to-end-project_group/providers/Microsoft.Network/networkInterfaces/prod-eks-cluster-nic",
            "network_security_group_id": "/subscriptions/cd459aae-8e9d-4069-8ab8-fd60d11b3e04/resourceGroups/jan-end-to-end-project_group/providers/Microsoft.Network/networkSecurityGroups/prod-eks-cluster-nsg",
            "timeouts": null
          },
          "sensitive_attributes": [],
          "private": "eyJlMmJmYjczMC1lY2FhLTExZTYtOGY4OC0zNDM2M2JjN2M0YzAiOnsiY3JlYXRlIjoxODAwMDAwMDAwMDAwLCJkZWxldGUiOjE4MDAwMDAwMDAwMDAsInJlYWQiOjMwMDAwMDAwMDAwMH19",
          "dependencies": [
            "azurerm_network_interface.main",
            "azurerm_network_security_group.main",
            "azurerm_public_ip.main",
            "azurerm_subnet.internal",
            "data.azurerm_resource_group.existing",
            "data.azurerm_virtual_network.main"
          ]
        }
      ]
    },
    {
      "mode": "managed",
      "type": "azurerm_network_security_group",
      "name": "main",
      "provider": "provider[\"registry.terraform.io/hashicorp/azurerm\"]",
      "instances": [
        {
          "schema_version": 0,
          "attributes": {
            "id": "/subscriptions/cd459aae-8e9d-4069-8ab8-fd60d11b3e04/resourceGroups/jan-end-to-end-project_group/providers/Microsoft.Network/networkSecurityGroups/prod-eks-cluster-nsg",
            "location": "southindia",
            "name": "prod-eks-cluster-nsg",
            "resource_group_name": "jan-end-to-end-project_group",
            "security_rule": [
              {
                "access": "Allow",
                "description": "",
                "destination_address_prefix": "*",
                "destination_address_prefixes": [],
                "destination_application_security_group_ids": [],
                "destination_port_range": "22",
                "destination_port_ranges": [],
                "direction": "Inbound",
                "name": "AllowSSH",
                "priority": 100,
                "protocol": "Tcp",
                "source_address_prefix": "*",
                "source_address_prefixes": [],
                "source_application_security_group_ids": [],
                "source_port_range": "*",
                "source_port_ranges": []
              }
            ],
            "tags": {},
            "timeouts": null
          },
          "sensitive_attributes": [],
          "private": "eyJlMmJmYjczMC1lY2FhLTExZTYtOGY4OC0zNDM2M2JjN2M0YzAiOnsiY3JlYXRlIjoxODAwMDAwMDAwMDAwLCJkZWxldGUiOjE4MDAwMDAwMDAwMDAsInJlYWQiOjMwMDAwMDAwMDAwMCwidXBkYXRlIjoxODAwMDAwMDAwMDAwfX0=",
          "dependencies": [
            "data.azurerm_resource_group.existing"
          ]
        }
      ]
    },
    {
      "mode": "managed",
      "type": "azurerm_public_ip",
      "name": "main",
      "provider": "provider[\"registry.terraform.io/hashicorp/azurerm\"]",
      "instances": [
        {
          "schema_version": 0,
          "attributes": {
            "allocation_method": "Static",
            "ddos_protection_mode": "VirtualNetworkInherited",
            "ddos_protection_plan_id": null,
            "domain_name_label": "",
            "domain_name_label_scope": "",
            "edge_zone": "",
            "fqdn": "",
            "id": "/subscriptions/cd459aae-8e9d-4069-8ab8-fd60d11b3e04/resourceGroups/jan-end-to-end-project_group/providers/Microsoft.Network/publicIPAddresses/prod-eks-cluster-pip",
            "idle_timeout_in_minutes": 4,
            "ip_address": "20.219.123.172",
            "ip_tags": {},
            "ip_version": "IPv4",
            "location": "southindia",
            "name": "prod-eks-cluster-pip",
            "public_ip_prefix_id": null,
            "resource_group_name": "jan-end-to-end-project_group",
            "reverse_fqdn": "",
            "sku": "Standard",
            "sku_tier": "Regional",
            "tags": {},
            "timeouts": null,
            "zones": []
          },
          "sensitive_attributes": [],
          "private": "eyJlMmJmYjczMC1lY2FhLTExZTYtOGY4OC0zNDM2M2JjN2M0YzAiOnsiY3JlYXRlIjoxODAwMDAwMDAwMDAwLCJkZWxldGUiOjE4MDAwMDAwMDAwMDAsInJlYWQiOjMwMDAwMDAwMDAwMCwidXBkYXRlIjoxODAwMDAwMDAwMDAwfX0=",
          "dependencies": [
            "data.azurerm_resource_group.existing"
          ]
        }
      ]
    },
    {
      "mode": "managed",
      "type": "azurerm_subnet",
      "name": "internal",
      "provider": "provider[\"registry.terraform.io/hashicorp/azurerm\"]",
      "instances": [
        {
          "schema_version": 0,
          "attributes": {
            "address_prefixes": [
              "10.0.1.0/24"
            ],
            "default_outbound_access_enabled": true,
            "delegation": [],
            "id": "/subscriptions/cd459aae-8e9d-4069-8ab8-fd60d11b3e04/resourceGroups/jan-end-to-end-project_group/providers/Microsoft.Network/virtualNetworks/jan-end-to-end-project-vnet/subnets/internal",
            "ip_address_pool": [],
            "name": "internal",
            "private_endpoint_network_policies": "Disabled",
            "private_link_service_network_policies_enabled": true,
            "resource_group_name": "jan-end-to-end-project_group",
            "service_endpoint_policy_ids": [],
            "service_endpoints": [],
            "sharing_scope": "",
            "timeouts": null,
            "virtual_network_name": "jan-end-to-end-project-vnet"
          },
          "sensitive_attributes": [],
          "private": "eyJlMmJmYjczMC1lY2FhLTExZTYtOGY4OC0zNDM2M2JjN2M0YzAiOnsiY3JlYXRlIjoxODAwMDAwMDAwMDAwLCJkZWxldGUiOjE4MDAwMDAwMDAwMDAsInJlYWQiOjMwMDAwMDAwMDAwMCwidXBkYXRlIjoxODAwMDAwMDAwMDAwfX0=",
          "dependencies": [
            "data.azurerm_resource_group.existing",
            "data.azurerm_virtual_network.main"
          ]
        }
      ]
    }
  ],
  "check_results": null
}
